{
  "name": "agentic-coding-os-brain",
  "version": "0.1.0",
  "lockfileVersion": 3,
  "requires": true,
  "packages": {
    "": {
      "name": "agentic-coding-os-brain",
      "version": "0.1.0",
      "license": "MIT",
      "bin": {
        "acob": "bin/codex-os-brain.mjs",
        "codex-os-brain": "bin/codex-os-brain.mjs"
      },
      "engines": {
        "node": ">=18.17"
      }
    }
  }
}
